
Microsoft Visual Studio Solution File, Format Version 12.00
# Visual Studio Version 17
VisualStudioVersion = 17.8.34316.72
MinimumVisualStudioVersion = 10.0.40219.1
Project("{FAE04EC0-301F-11D3-BF4B-00C04F79EFBC}") = "MyEmployee.Client.Wpf", "MyEmployee.Client.Wpf\MyEmployee.Client.Wpf.csproj", "{F385A468-6F30-4383-AA45-1A2B1F070F41}"
EndProject
Project("{2150E333-8FDC-42A3-9474-1A3956D46DE8}") = "Solution Items", "Solution Items", "{941D07CC-0C7C-4F90-AED8-F5B2E4EEC3B9}"
	ProjectSection(SolutionItems) = preProject
		README.md = README.md
	EndProjectSection
EndProject
Global
	GlobalSection(SolutionConfigurationPlatforms) = preSolution
		Debug|Any CPU = Debug|Any CPU
		Release|Any CPU = Release|Any CPU
	EndGlobalSection
	GlobalSection(ProjectConfigurationPlatforms) = postSolution
		{F385A468-6F30-4383-AA45-1A2B1F070F41}.Debug|Any CPU.ActiveCfg = Debug|Any CPU
		{F385A468-6F30-4383-AA45-1A2B1F070F41}.Debug|Any CPU.Build.0 = Debug|Any CPU
		{F385A468-6F30-4383-AA45-1A2B1F070F41}.Release|Any CPU.ActiveCfg = Release|Any CPU
		{F385A468-6F30-4383-AA45-1A2B1F070F41}.Release|Any CPU.Build.0 = Release|Any CPU
	EndGlobalSection
	GlobalSection(SolutionProperties) = preSolution
		HideSolutionNode = FALSE
	EndGlobalSection
	GlobalSection(ExtensibilityGlobals) = postSolution
		SolutionGuid = {5F380952-D2FF-4B71-B823-84E67A22F38E}
	EndGlobalSection
EndGlobal
